
Microsoft Visual Studio Solution File, Format Version 12.00
# Visual Studio 14
VisualStudioVersion = 14.0.25420.1
MinimumVisualStudioVersion = 10.0.40219.1
Project("{FAE04EC0-301F-11D3-BF4B-00C04F79EFBC}") = "BARS.ClickHouse.Ado", "BARS.ClickHouse.Ado\BARS.ClickHouse.Ado.csproj", "{28629CF3-7958-48BF-BD52-A4314C762F9F}"
EndProject
Project("{FAE04EC0-301F-11D3-BF4B-00C04F79EFBC}") = "BARS.ClickHouse.Client", "BARS.ClickHouse.Client\BARS.ClickHouse.Client.csproj", "{747006A5-5160-4A18-B798-058BB3DCA4C2}"
EndProject
Project("{FAE04EC0-301F-11D3-BF4B-00C04F79EFBC}") = "BARS.ClickHouse.Tests", "BARS.ClickHouse.Tests\BARS.ClickHouse.Tests.csproj", "{739C884F-D6D8-4755-9A7A-3532EA49C49D}"
EndProject
Global
	GlobalSection(SolutionConfigurationPlatforms) = preSolution
		Debug|Any CPU = Debug|Any CPU
		Release|Any CPU = Release|Any CPU
	EndGlobalSection
	GlobalSection(ProjectConfigurationPlatforms) = postSolution
		{28629CF3-7958-48BF-BD52-A4314C762F9F}.Debug|Any CPU.ActiveCfg = Debug|Any CPU
		{28629CF3-7958-48BF-BD52-A4314C762F9F}.Debug|Any CPU.Build.0 = Debug|Any CPU
		{28629CF3-7958-48BF-BD52-A4314C762F9F}.Release|Any CPU.ActiveCfg = Release|Any CPU
		{28629CF3-7958-48BF-BD52-A4314C762F9F}.Release|Any CPU.Build.0 = Release|Any CPU
		{747006A5-5160-4A18-B798-058BB3DCA4C2}.Debug|Any CPU.ActiveCfg = Debug|Any CPU
		{747006A5-5160-4A18-B798-058BB3DCA4C2}.Debug|Any CPU.Build.0 = Debug|Any CPU
		{747006A5-5160-4A18-B798-058BB3DCA4C2}.Release|Any CPU.ActiveCfg = Release|Any CPU
		{747006A5-5160-4A18-B798-058BB3DCA4C2}.Release|Any CPU.Build.0 = Release|Any CPU
		{739C884F-D6D8-4755-9A7A-3532EA49C49D}.Debug|Any CPU.ActiveCfg = Debug|Any CPU
		{739C884F-D6D8-4755-9A7A-3532EA49C49D}.Debug|Any CPU.Build.0 = Debug|Any CPU
		{739C884F-D6D8-4755-9A7A-3532EA49C49D}.Release|Any CPU.ActiveCfg = Release|Any CPU
		{739C884F-D6D8-4755-9A7A-3532EA49C49D}.Release|Any CPU.Build.0 = Release|Any CPU
	EndGlobalSection
	GlobalSection(SolutionProperties) = preSolution
		HideSolutionNode = FALSE
	EndGlobalSection
EndGlobal
